
Microsoft Visual Studio Solution File, Format Version 12.00
# Visual Studio 15
VisualStudioVersion = 15.0.28307.421
MinimumVisualStudioVersion = 10.0.40219.1
Project("{FAE04EC0-301F-11D3-BF4B-00C04F79EFBC}") = "ClientProxy-P4-20180140052_Form", "ClientProxy-P4-20180140052_Form\ClientProxy-P4-20180140052_Form.csproj", "{5CE680E9-C99D-451F-9597-05719212217A}"
EndProject
Global
	GlobalSection(SolutionConfigurationPlatforms) = preSolution
		Debug|Any CPU = Debug|Any CPU
		Release|Any CPU = Release|Any CPU
	EndGlobalSection
	GlobalSection(ProjectConfigurationPlatforms) = postSolution
		{5CE680E9-C99D-451F-9597-05719212217A}.Debug|Any CPU.ActiveCfg = Debug|Any CPU
		{5CE680E9-C99D-451F-9597-05719212217A}.Debug|Any CPU.Build.0 = Debug|Any CPU
		{5CE680E9-C99D-451F-9597-05719212217A}.Release|Any CPU.ActiveCfg = Release|Any CPU
		{5CE680E9-C99D-451F-9597-05719212217A}.Release|Any CPU.Build.0 = Release|Any CPU
	EndGlobalSection
	GlobalSection(SolutionProperties) = preSolution
		HideSolutionNode = FALSE
	EndGlobalSection
	GlobalSection(ExtensibilityGlobals) = postSolution
		SolutionGuid = {504621D6-0587-431C-99F4-24E3C3FDB350}
	EndGlobalSection
EndGlobal
